{
  "name": "clarifi-fullstack-homework1",
  "version": "1.0.0",
  "lockfileVersion": 1,
  "requires": true,
  "dependencies": {
    "lodash": {
      "version": "4.17.10",
      "resolved": "http://rbcplatform.artifactoryonline.com/rbcplatform/api/npm/npm-virtual/lodash/-/lodash-4.17.10.tgz",
      "integrity": "sha1-G3eTz3JZ6jj7NmHU04syYK+K5Oc="
    }
  }
}
